
Microsoft Visual Studio Solution File, Format Version 12.00
# Visual Studio Version 17
VisualStudioVersion = 17.4.33213.308
MinimumVisualStudioVersion = 10.0.40219.1
Project("{FAE04EC0-301F-11D3-BF4B-00C04F79EFBC}") = "Application.Core", "ApplicationCore\Application.Core.csproj", "{C22CB349-B5CA-44D0-835C-13E0CB5C405F}"
EndProject
Project("{FAE04EC0-301F-11D3-BF4B-00C04F79EFBC}") = "Application.InfraStructure", "Application.InfraStructure\Application.InfraStructure.csproj", "{2EFF1F3E-8995-4E96-8B16-F1B103F11887}"
EndProject
Project("{FAE04EC0-301F-11D3-BF4B-00C04F79EFBC}") = "Application.Console", "Application.Console\Application.Console.csproj", "{CEADDF78-905A-4E32-8C9B-283B6DDDA7EC}"
EndProject
Global
	GlobalSection(SolutionConfigurationPlatforms) = preSolution
		Debug|Any CPU = Debug|Any CPU
		Release|Any CPU = Release|Any CPU
	EndGlobalSection
	GlobalSection(ProjectConfigurationPlatforms) = postSolution
		{C22CB349-B5CA-44D0-835C-13E0CB5C405F}.Debug|Any CPU.ActiveCfg = Debug|Any CPU
		{C22CB349-B5CA-44D0-835C-13E0CB5C405F}.Debug|Any CPU.Build.0 = Debug|Any CPU
		{C22CB349-B5CA-44D0-835C-13E0CB5C405F}.Release|Any CPU.ActiveCfg = Release|Any CPU
		{C22CB349-B5CA-44D0-835C-13E0CB5C405F}.Release|Any CPU.Build.0 = Release|Any CPU
		{2EFF1F3E-8995-4E96-8B16-F1B103F11887}.Debug|Any CPU.ActiveCfg = Debug|Any CPU
		{2EFF1F3E-8995-4E96-8B16-F1B103F11887}.Debug|Any CPU.Build.0 = Debug|Any CPU
		{2EFF1F3E-8995-4E96-8B16-F1B103F11887}.Release|Any CPU.ActiveCfg = Release|Any CPU
		{2EFF1F3E-8995-4E96-8B16-F1B103F11887}.Release|Any CPU.Build.0 = Release|Any CPU
		{CEADDF78-905A-4E32-8C9B-283B6DDDA7EC}.Debug|Any CPU.ActiveCfg = Debug|Any CPU
		{CEADDF78-905A-4E32-8C9B-283B6DDDA7EC}.Debug|Any CPU.Build.0 = Debug|Any CPU
		{CEADDF78-905A-4E32-8C9B-283B6DDDA7EC}.Release|Any CPU.ActiveCfg = Release|Any CPU
		{CEADDF78-905A-4E32-8C9B-283B6DDDA7EC}.Release|Any CPU.Build.0 = Release|Any CPU
	EndGlobalSection
	GlobalSection(SolutionProperties) = preSolution
		HideSolutionNode = FALSE
	EndGlobalSection
	GlobalSection(ExtensibilityGlobals) = postSolution
		SolutionGuid = {E40C1AB1-E872-4306-A8C6-D8CA3B64AD4B}
	EndGlobalSection
EndGlobal
